
Microsoft Visual Studio Solution File, Format Version 12.00
# Visual Studio Version 16
VisualStudioVersion = 16.0.30114.105
MinimumVisualStudioVersion = 10.0.40219.1
Project("{FAE04EC0-301F-11D3-BF4B-00C04F79EFBC}") = "API", "API\API.csproj", "{EAF0EB3E-A12A-4277-8836-59F19D8DA067}"
EndProject
Global
	GlobalSection(SolutionConfigurationPlatforms) = preSolution
		Debug|Any CPU = Debug|Any CPU
		Release|Any CPU = Release|Any CPU
	EndGlobalSection
	GlobalSection(ProjectConfigurationPlatforms) = postSolution
		{EAF0EB3E-A12A-4277-8836-59F19D8DA067}.Debug|Any CPU.ActiveCfg = Debug|Any CPU
		{EAF0EB3E-A12A-4277-8836-59F19D8DA067}.Debug|Any CPU.Build.0 = Debug|Any CPU
		{EAF0EB3E-A12A-4277-8836-59F19D8DA067}.Release|Any CPU.ActiveCfg = Release|Any CPU
		{EAF0EB3E-A12A-4277-8836-59F19D8DA067}.Release|Any CPU.Build.0 = Release|Any CPU
	EndGlobalSection
	GlobalSection(SolutionProperties) = preSolution
		HideSolutionNode = FALSE
	EndGlobalSection
	GlobalSection(ExtensibilityGlobals) = postSolution
		SolutionGuid = {A6C5A8A2-0998-4743-81CC-4F3A9F046543}
	EndGlobalSection
EndGlobal
